
Microsoft Visual Studio Solution File, Format Version 12.00
# Visual Studio Version 17
VisualStudioVersion = 17.2.32616.157
MinimumVisualStudioVersion = 10.0.40219.1
Project("{FAE04EC0-301F-11D3-BF4B-00C04F79EFBC}") = "AppNovoGuiaCursoDS.UWP", "AppNovoGuiaCursoDS\AppNovoGuiaCursoDS.UWP\AppNovoGuiaCursoDS.UWP.csproj", "{AB831078-F861-4E5C-B542-81A86EE236ED}"
EndProject
Project("{FAE04EC0-301F-11D3-BF4B-00C04F79EFBC}") = "AppNovoGuiaCursoDS.Android", "AppNovoGuiaCursoDS\AppNovoGuiaCursoDS.Android\AppNovoGuiaCursoDS.Android.csproj", "{52361F21-E5BD-4F9E-A4E6-CC4BFC33E759}"
EndProject
Project("{FAE04EC0-301F-11D3-BF4B-00C04F79EFBC}") = "AppNovoGuiaCursoDS", "AppNovoGuiaCursoDS\AppNovoGuiaCursoDS\AppNovoGuiaCursoDS.csproj", "{D9AB0295-D9D0-4215-8398-70ED0307239E}"
EndProject
Global
	GlobalSection(SolutionConfigurationPlatforms) = preSolution
		Debug|Any CPU = Debug|Any CPU
		Debug|ARM = Debug|ARM
		Debug|x64 = Debug|x64
		Debug|x86 = Debug|x86
		Release|Any CPU = Release|Any CPU
		Release|ARM = Release|ARM
		Release|x64 = Release|x64
		Release|x86 = Release|x86
	EndGlobalSection
	GlobalSection(ProjectConfigurationPlatforms) = postSolution
		{AB831078-F861-4E5C-B542-81A86EE236ED}.Debug|Any CPU.ActiveCfg = Debug|x64
		{AB831078-F861-4E5C-B542-81A86EE236ED}.Debug|Any CPU.Build.0 = Debug|x64
		{AB831078-F861-4E5C-B542-81A86EE236ED}.Debug|Any CPU.Deploy.0 = Debug|x64
		{AB831078-F861-4E5C-B542-81A86EE236ED}.Debug|ARM.ActiveCfg = Debug|ARM
		{AB831078-F861-4E5C-B542-81A86EE236ED}.Debug|ARM.Build.0 = Debug|ARM
		{AB831078-F861-4E5C-B542-81A86EE236ED}.Debug|ARM.Deploy.0 = Debug|ARM
		{AB831078-F861-4E5C-B542-81A86EE236ED}.Debug|x64.ActiveCfg = Debug|x64
		{AB831078-F861-4E5C-B542-81A86EE236ED}.Debug|x64.Build.0 = Debug|x64
		{AB831078-F861-4E5C-B542-81A86EE236ED}.Debug|x64.Deploy.0 = Debug|x64
		{AB831078-F861-4E5C-B542-81A86EE236ED}.Debug|x86.ActiveCfg = Debug|x86
		{AB831078-F861-4E5C-B542-81A86EE236ED}.Debug|x86.Build.0 = Debug|x86
		{AB831078-F861-4E5C-B542-81A86EE236ED}.Debug|x86.Deploy.0 = Debug|x86
		{AB831078-F861-4E5C-B542-81A86EE236ED}.Release|Any CPU.ActiveCfg = Release|x64
		{AB831078-F861-4E5C-B542-81A86EE236ED}.Release|Any CPU.Build.0 = Release|x64
		{AB831078-F861-4E5C-B542-81A86EE236ED}.Release|Any CPU.Deploy.0 = Release|x64
		{AB831078-F861-4E5C-B542-81A86EE236ED}.Release|ARM.ActiveCfg = Release|ARM
		{AB831078-F861-4E5C-B542-81A86EE236ED}.Release|ARM.Build.0 = Release|ARM
		{AB831078-F861-4E5C-B542-81A86EE236ED}.Release|ARM.Deploy.0 = Release|ARM
		{AB831078-F861-4E5C-B542-81A86EE236ED}.Release|x64.ActiveCfg = Release|x64
		{AB831078-F861-4E5C-B542-81A86EE236ED}.Release|x64.Build.0 = Release|x64
		{AB831078-F861-4E5C-B542-81A86EE236ED}.Release|x64.Deploy.0 = Release|x64
		{AB831078-F861-4E5C-B542-81A86EE236ED}.Release|x86.ActiveCfg = Release|x86
		{AB831078-F861-4E5C-B542-81A86EE236ED}.Release|x86.Build.0 = Release|x86
		{AB831078-F861-4E5C-B542-81A86EE236ED}.Release|x86.Deploy.0 = Release|x86
		{52361F21-E5BD-4F9E-A4E6-CC4BFC33E759}.Debug|Any CPU.ActiveCfg = Debug|Any CPU
		{52361F21-E5BD-4F9E-A4E6-CC4BFC33E759}.Debug|Any CPU.Build.0 = Debug|Any CPU
		{52361F21-E5BD-4F9E-A4E6-CC4BFC33E759}.Debug|Any CPU.Deploy.0 = Debug|Any CPU
		{52361F21-E5BD-4F9E-A4E6-CC4BFC33E759}.Debug|ARM.ActiveCfg = Debug|Any CPU
		{52361F21-E5BD-4F9E-A4E6-CC4BFC33E759}.Debug|ARM.Build.0 = Debug|Any CPU
		{52361F21-E5BD-4F9E-A4E6-CC4BFC33E759}.Debug|ARM.Deploy.0 = Debug|Any CPU
		{52361F21-E5BD-4F9E-A4E6-CC4BFC33E759}.Debug|x64.ActiveCfg = Debug|Any CPU
		{52361F21-E5BD-4F9E-A4E6-CC4BFC33E759}.Debug|x64.Build.0 = Debug|Any CPU
		{52361F21-E5BD-4F9E-A4E6-CC4BFC33E759}.Debug|x64.Deploy.0 = Debug|Any CPU
		{52361F21-E5BD-4F9E-A4E6-CC4BFC33E759}.Debug|x86.ActiveCfg = Debug|Any CPU
		{52361F21-E5BD-4F9E-A4E6-CC4BFC33E759}.Debug|x86.Build.0 = Debug|Any CPU
		{52361F21-E5BD-4F9E-A4E6-CC4BFC33E759}.Debug|x86.Deploy.0 = Debug|Any CPU
		{52361F21-E5BD-4F9E-A4E6-CC4BFC33E759}.Release|Any CPU.ActiveCfg = Release|Any CPU
		{52361F21-E5BD-4F9E-A4E6-CC4BFC33E759}.Release|Any CPU.Build.0 = Release|Any CPU
		{52361F21-E5BD-4F9E-A4E6-CC4BFC33E759}.Release|Any CPU.Deploy.0 = Release|Any CPU
		{52361F21-E5BD-4F9E-A4E6-CC4BFC33E759}.Release|ARM.ActiveCfg = Release|Any CPU
		{52361F21-E5BD-4F9E-A4E6-CC4BFC33E759}.Release|ARM.Build.0 = Release|Any CPU
		{52361F21-E5BD-4F9E-A4E6-CC4BFC33E759}.Release|ARM.Deploy.0 = Release|Any CPU
		{52361F21-E5BD-4F9E-A4E6-CC4BFC33E759}.Release|x64.ActiveCfg = Release|Any CPU
		{52361F21-E5BD-4F9E-A4E6-CC4BFC33E759}.Release|x64.Build.0 = Release|Any CPU
		{52361F21-E5BD-4F9E-A4E6-CC4BFC33E759}.Release|x64.Deploy.0 = Release|Any CPU
		{52361F21-E5BD-4F9E-A4E6-CC4BFC33E759}.Release|x86.ActiveCfg = Release|Any CPU
		{52361F21-E5BD-4F9E-A4E6-CC4BFC33E759}.Release|x86.Build.0 = Release|Any CPU
		{52361F21-E5BD-4F9E-A4E6-CC4BFC33E759}.Release|x86.Deploy.0 = Release|Any CPU
		{D9AB0295-D9D0-4215-8398-70ED0307239E}.Debug|Any CPU.ActiveCfg = Debug|Any CPU
		{D9AB0295-D9D0-4215-8398-70ED0307239E}.Debug|Any CPU.Build.0 = Debug|Any CPU
		{D9AB0295-D9D0-4215-8398-70ED0307239E}.Debug|Any CPU.Deploy.0 = Debug|Any CPU
		{D9AB0295-D9D0-4215-8398-70ED0307239E}.Debug|ARM.ActiveCfg = Debug|Any CPU
		{D9AB0295-D9D0-4215-8398-70ED0307239E}.Debug|ARM.Build.0 = Debug|Any CPU
		{D9AB0295-D9D0-4215-8398-70ED0307239E}.Debug|ARM.Deploy.0 = Debug|Any CPU
		{D9AB0295-D9D0-4215-8398-70ED0307239E}.Debug|x64.ActiveCfg = Debug|Any CPU
		{D9AB0295-D9D0-4215-8398-70ED0307239E}.Debug|x64.Build.0 = Debug|Any CPU
		{D9AB0295-D9D0-4215-8398-70ED0307239E}.Debug|x64.Deploy.0 = Debug|Any CPU
		{D9AB0295-D9D0-4215-8398-70ED0307239E}.Debug|x86.ActiveCfg = Debug|Any CPU
		{D9AB0295-D9D0-4215-8398-70ED0307239E}.Debug|x86.Build.0 = Debug|Any CPU
		{D9AB0295-D9D0-4215-8398-70ED0307239E}.Debug|x86.Deploy.0 = Debug|Any CPU
		{D9AB0295-D9D0-4215-8398-70ED0307239E}.Release|Any CPU.ActiveCfg = Release|Any CPU
		{D9AB0295-D9D0-4215-8398-70ED0307239E}.Release|Any CPU.Build.0 = Release|Any CPU
		{D9AB0295-D9D0-4215-8398-70ED0307239E}.Release|Any CPU.Deploy.0 = Release|Any CPU
		{D9AB0295-D9D0-4215-8398-70ED0307239E}.Release|ARM.ActiveCfg = Release|Any CPU
		{D9AB0295-D9D0-4215-8398-70ED0307239E}.Release|ARM.Build.0 = Release|Any CPU
		{D9AB0295-D9D0-4215-8398-70ED0307239E}.Release|ARM.Deploy.0 = Release|Any CPU
		{D9AB0295-D9D0-4215-8398-70ED0307239E}.Release|x64.ActiveCfg = Release|Any CPU
		{D9AB0295-D9D0-4215-8398-70ED0307239E}.Release|x64.Build.0 = Release|Any CPU
		{D9AB0295-D9D0-4215-8398-70ED0307239E}.Release|x64.Deploy.0 = Release|Any CPU
		{D9AB0295-D9D0-4215-8398-70ED0307239E}.Release|x86.ActiveCfg = Release|Any CPU
		{D9AB0295-D9D0-4215-8398-70ED0307239E}.Release|x86.Build.0 = Release|Any CPU
		{D9AB0295-D9D0-4215-8398-70ED0307239E}.Release|x86.Deploy.0 = Release|Any CPU
	EndGlobalSection
	GlobalSection(SolutionProperties) = preSolution
		HideSolutionNode = FALSE
	EndGlobalSection
	GlobalSection(ExtensibilityGlobals) = postSolution
		SolutionGuid = {4A543D3A-3721-423C-AEEC-0792660CC692}
	EndGlobalSection
EndGlobal
